
Microsoft Visual Studio Solution File, Format Version 12.00
# Visual Studio Version 16
VisualStudioVersion = 16.0.28729.10
MinimumVisualStudioVersion = 10.0.40219.1
Project("{FAE04EC0-301F-11D3-BF4B-00C04F79EFBC}") = "ROEngines", "ROEngines.csproj", "{FBB972B2-53AD-4174-A6E7-202E02645572}"
EndProject
Global
	GlobalSection(SolutionConfigurationPlatforms) = preSolution
		Debug|Any CPU = Debug|Any CPU
		Release|Any CPU = Release|Any CPU
	EndGlobalSection
	GlobalSection(ProjectConfigurationPlatforms) = postSolution
		{FBB972B2-53AD-4174-A6E7-202E02645572}.Debug|Any CPU.ActiveCfg = Debug|Any CPU
		{FBB972B2-53AD-4174-A6E7-202E02645572}.Debug|Any CPU.Build.0 = Debug|Any CPU
		{FBB972B2-53AD-4174-A6E7-202E02645572}.Release|Any CPU.ActiveCfg = Release|Any CPU
		{FBB972B2-53AD-4174-A6E7-202E02645572}.Release|Any CPU.Build.0 = Release|Any CPU
	EndGlobalSection
	GlobalSection(SolutionProperties) = preSolution
		HideSolutionNode = FALSE
	EndGlobalSection
	GlobalSection(ExtensibilityGlobals) = postSolution
		SolutionGuid = {BE9E24AF-105C-4DEC-99C2-D9B5BAD21E7B}
	EndGlobalSection
EndGlobal
